
Microsoft Visual Studio Solution File, Format Version 12.00
Project("{FAE04EC0-301F-11D3-BF4B-00C04F79EFBC}") = "ImpromptuNinjas.ZStd", "ImpromptuNinjas.ZStd\ImpromptuNinjas.ZStd.csproj", "{99DFD50B-0416-472D-B962-23928070A843}"
EndProject
Project("{FAE04EC0-301F-11D3-BF4B-00C04F79EFBC}") = "ImpromptuNinjas.ZStd.Tests.NetCore31", "ImpromptuNinjas.ZStd.Tests\ImpromptuNinjas.ZStd.Tests.NetCore31.csproj", "{E418C566-ADCF-47D6-AA82-D624DE097F42}"
EndProject
Project("{FAE04EC0-301F-11D3-BF4B-00C04F79EFBC}") = "ImpromptuNinjas.ZStd.Tests.NetStandard20", "ImpromptuNinjas.ZStd.Tests\NetStandard20\ImpromptuNinjas.ZStd.Tests.NetStandard20.csproj", "{811F8DC9-E428-463B-B8B2-EFFBCEB98465}"
EndProject
Project("{FAE04EC0-301F-11D3-BF4B-00C04F79EFBC}") = "ImpromptuNinjas.ZStd.Tests.NetStandard11", "ImpromptuNinjas.ZStd.Tests\NetStandard11\ImpromptuNinjas.ZStd.Tests.NetStandard11.csproj", "{705B30BF-C201-486E-8CCE-3BC59D9C3EB0}"
EndProject
Project("{FAE04EC0-301F-11D3-BF4B-00C04F79EFBC}") = "ImpromptuNinjas.ZStd.Tests.NetStandard14", "ImpromptuNinjas.ZStd.Tests\NetStandard14\ImpromptuNinjas.ZStd.Tests.NetStandard14.csproj", "{3D2284D2-23EA-4721-8305-D2D426498EED}"
EndProject
Project("{FAE04EC0-301F-11D3-BF4B-00C04F79EFBC}") = "ImpromptuNinjas.ZStd.Tests.NetStandard21", "ImpromptuNinjas.ZStd.Tests\NetStandard21\ImpromptuNinjas.ZStd.Tests.NetStandard21.csproj", "{F36A8061-E0B1-41FF-AC4C-64208B00D1D4}"
EndProject
Project("{FAE04EC0-301F-11D3-BF4B-00C04F79EFBC}") = "ImpromptuNinjas.ZStd.Tests.NetFramework45x64", "ImpromptuNinjas.ZStd.Tests\NetFramework45x64\ImpromptuNinjas.ZStd.Tests.NetFramework45x64.csproj", "{8E193A4F-E28E-4747-BEAE-2D9161196AAC}"
EndProject
Project("{FAE04EC0-301F-11D3-BF4B-00C04F79EFBC}") = "ImpromptuNinjas.ZStd.Tests.NetFramework45x86", "ImpromptuNinjas.ZStd.Tests\NetFramework45x86\ImpromptuNinjas.ZStd.Tests.NetFramework45x86.csproj", "{27D73992-C90A-419E-8C63-A69E1509448E}"
EndProject
Project("{FAE04EC0-301F-11D3-BF4B-00C04F79EFBC}") = "ImpromptuNinjas.ZStd.Tests.NetFramework45AnyCpu", "ImpromptuNinjas.ZStd.Tests\NetFramework45AnyCpu\ImpromptuNinjas.ZStd.Tests.NetFramework45AnyCpu.csproj", "{CC0C2D16-0BC2-42B2-935C-73C762DE6349}"
EndProject
Global
	GlobalSection(SolutionConfigurationPlatforms) = preSolution
		Debug|Any CPU = Debug|Any CPU
		Release|Any CPU = Release|Any CPU
	EndGlobalSection
	GlobalSection(ProjectConfigurationPlatforms) = postSolution
		{99DFD50B-0416-472D-B962-23928070A843}.Debug|Any CPU.ActiveCfg = Debug|Any CPU
		{99DFD50B-0416-472D-B962-23928070A843}.Debug|Any CPU.Build.0 = Debug|Any CPU
		{99DFD50B-0416-472D-B962-23928070A843}.Release|Any CPU.ActiveCfg = Release|Any CPU
		{99DFD50B-0416-472D-B962-23928070A843}.Release|Any CPU.Build.0 = Release|Any CPU
		{E418C566-ADCF-47D6-AA82-D624DE097F42}.Debug|Any CPU.ActiveCfg = Debug|Any CPU
		{E418C566-ADCF-47D6-AA82-D624DE097F42}.Debug|Any CPU.Build.0 = Debug|Any CPU
		{E418C566-ADCF-47D6-AA82-D624DE097F42}.Release|Any CPU.ActiveCfg = Release|Any CPU
		{E418C566-ADCF-47D6-AA82-D624DE097F42}.Release|Any CPU.Build.0 = Release|Any CPU
		{811F8DC9-E428-463B-B8B2-EFFBCEB98465}.Debug|Any CPU.ActiveCfg = Debug|Any CPU
		{811F8DC9-E428-463B-B8B2-EFFBCEB98465}.Debug|Any CPU.Build.0 = Debug|Any CPU
		{811F8DC9-E428-463B-B8B2-EFFBCEB98465}.Release|Any CPU.ActiveCfg = Release|Any CPU
		{811F8DC9-E428-463B-B8B2-EFFBCEB98465}.Release|Any CPU.Build.0 = Release|Any CPU
		{705B30BF-C201-486E-8CCE-3BC59D9C3EB0}.Debug|Any CPU.ActiveCfg = Debug|Any CPU
		{705B30BF-C201-486E-8CCE-3BC59D9C3EB0}.Debug|Any CPU.Build.0 = Debug|Any CPU
		{705B30BF-C201-486E-8CCE-3BC59D9C3EB0}.Release|Any CPU.ActiveCfg = Release|Any CPU
		{705B30BF-C201-486E-8CCE-3BC59D9C3EB0}.Release|Any CPU.Build.0 = Release|Any CPU
		{3D2284D2-23EA-4721-8305-D2D426498EED}.Debug|Any CPU.ActiveCfg = Debug|Any CPU
		{3D2284D2-23EA-4721-8305-D2D426498EED}.Debug|Any CPU.Build.0 = Debug|Any CPU
		{3D2284D2-23EA-4721-8305-D2D426498EED}.Release|Any CPU.ActiveCfg = Release|Any CPU
		{3D2284D2-23EA-4721-8305-D2D426498EED}.Release|Any CPU.Build.0 = Release|Any CPU
		{F36A8061-E0B1-41FF-AC4C-64208B00D1D4}.Debug|Any CPU.ActiveCfg = Debug|Any CPU
		{F36A8061-E0B1-41FF-AC4C-64208B00D1D4}.Debug|Any CPU.Build.0 = Debug|Any CPU
		{F36A8061-E0B1-41FF-AC4C-64208B00D1D4}.Release|Any CPU.ActiveCfg = Release|Any CPU
		{F36A8061-E0B1-41FF-AC4C-64208B00D1D4}.Release|Any CPU.Build.0 = Release|Any CPU
		{8E193A4F-E28E-4747-BEAE-2D9161196AAC}.Debug|Any CPU.ActiveCfg = Debug|Any CPU
		{8E193A4F-E28E-4747-BEAE-2D9161196AAC}.Debug|Any CPU.Build.0 = Debug|Any CPU
		{8E193A4F-E28E-4747-BEAE-2D9161196AAC}.Release|Any CPU.ActiveCfg = Release|Any CPU
		{8E193A4F-E28E-4747-BEAE-2D9161196AAC}.Release|Any CPU.Build.0 = Release|Any CPU
		{27D73992-C90A-419E-8C63-A69E1509448E}.Debug|Any CPU.ActiveCfg = Debug|Any CPU
		{27D73992-C90A-419E-8C63-A69E1509448E}.Debug|Any CPU.Build.0 = Debug|Any CPU
		{27D73992-C90A-419E-8C63-A69E1509448E}.Release|Any CPU.ActiveCfg = Release|Any CPU
		{27D73992-C90A-419E-8C63-A69E1509448E}.Release|Any CPU.Build.0 = Release|Any CPU
		{CC0C2D16-0BC2-42B2-935C-73C762DE6349}.Debug|Any CPU.ActiveCfg = Debug|Any CPU
		{CC0C2D16-0BC2-42B2-935C-73C762DE6349}.Debug|Any CPU.Build.0 = Debug|Any CPU
		{CC0C2D16-0BC2-42B2-935C-73C762DE6349}.Release|Any CPU.ActiveCfg = Release|Any CPU
		{CC0C2D16-0BC2-42B2-935C-73C762DE6349}.Release|Any CPU.Build.0 = Release|Any CPU
	EndGlobalSection
EndGlobal
